
Microsoft Visual Studio Solution File, Format Version 12.00
# Visual Studio Version 17
VisualStudioVersion = 17.14.36705.20 d17.14
MinimumVisualStudioVersion = 10.0.40219.1
Project("{FAE04EC0-301F-11D3-BF4B-00C04F79EFBC}") = "Client-DoMInhKhoa", "Client-DoMInhKhoa\Client-DoMInhKhoa.csproj", "{375678E6-5048-417F-8CBF-0B7564CCE212}"
EndProject
Global
	GlobalSection(SolutionConfigurationPlatforms) = preSolution
		Debug|Any CPU = Debug|Any CPU
		Release|Any CPU = Release|Any CPU
	EndGlobalSection
	GlobalSection(ProjectConfigurationPlatforms) = postSolution
		{375678E6-5048-417F-8CBF-0B7564CCE212}.Debug|Any CPU.ActiveCfg = Debug|Any CPU
		{375678E6-5048-417F-8CBF-0B7564CCE212}.Debug|Any CPU.Build.0 = Debug|Any CPU
		{375678E6-5048-417F-8CBF-0B7564CCE212}.Release|Any CPU.ActiveCfg = Release|Any CPU
		{375678E6-5048-417F-8CBF-0B7564CCE212}.Release|Any CPU.Build.0 = Release|Any CPU
	EndGlobalSection
	GlobalSection(SolutionProperties) = preSolution
		HideSolutionNode = FALSE
	EndGlobalSection
	GlobalSection(ExtensibilityGlobals) = postSolution
		SolutionGuid = {37DB82D8-5522-49C1-B3D6-AB41F92009C9}
	EndGlobalSection
EndGlobal
